
Microsoft Visual Studio Solution File, Format Version 12.00
# Visual Studio Version 16
VisualStudioVersion = 16.0.31410.357
MinimumVisualStudioVersion = 10.0.40219.1
Project("{FAE04EC0-301F-11D3-BF4B-00C04F79EFBC}") = "Проверка машин", "Проверка машин\Проверка машин.csproj", "{90091C31-A5B5-4618-8D94-5E8805CA44EC}"
EndProject
Global
	GlobalSection(SolutionConfigurationPlatforms) = preSolution
		Debug|Any CPU = Debug|Any CPU
		Release|Any CPU = Release|Any CPU
	EndGlobalSection
	GlobalSection(ProjectConfigurationPlatforms) = postSolution
		{90091C31-A5B5-4618-8D94-5E8805CA44EC}.Debug|Any CPU.ActiveCfg = Debug|Any CPU
		{90091C31-A5B5-4618-8D94-5E8805CA44EC}.Debug|Any CPU.Build.0 = Debug|Any CPU
		{90091C31-A5B5-4618-8D94-5E8805CA44EC}.Release|Any CPU.ActiveCfg = Release|Any CPU
		{90091C31-A5B5-4618-8D94-5E8805CA44EC}.Release|Any CPU.Build.0 = Release|Any CPU
	EndGlobalSection
	GlobalSection(SolutionProperties) = preSolution
		HideSolutionNode = FALSE
	EndGlobalSection
	GlobalSection(ExtensibilityGlobals) = postSolution
		SolutionGuid = {C71D6AC6-28A0-4068-85FF-0FA25E47886E}
	EndGlobalSection
EndGlobal
